
Microsoft Visual Studio Solution File, Format Version 12.00
# Blend for Visual Studio 15
VisualStudioVersion = 15.0.26730.16
MinimumVisualStudioVersion = 10.0.40219.1
Project("{FAE04EC0-301F-11D3-BF4B-00C04F79EFBC}") = "ThailandForm", "ThailandForm\ThailandForm.csproj", "{AD6570E7-45AB-4823-B185-0987737A5B3C}"
EndProject
Global
	GlobalSection(SolutionConfigurationPlatforms) = preSolution
		Debug|Any CPU = Debug|Any CPU
		Release|Any CPU = Release|Any CPU
	EndGlobalSection
	GlobalSection(ProjectConfigurationPlatforms) = postSolution
		{AD6570E7-45AB-4823-B185-0987737A5B3C}.Debug|Any CPU.ActiveCfg = Debug|Any CPU
		{AD6570E7-45AB-4823-B185-0987737A5B3C}.Debug|Any CPU.Build.0 = Debug|Any CPU
		{AD6570E7-45AB-4823-B185-0987737A5B3C}.Release|Any CPU.ActiveCfg = Release|Any CPU
		{AD6570E7-45AB-4823-B185-0987737A5B3C}.Release|Any CPU.Build.0 = Release|Any CPU
	EndGlobalSection
	GlobalSection(SolutionProperties) = preSolution
		HideSolutionNode = FALSE
	EndGlobalSection
	GlobalSection(ExtensibilityGlobals) = postSolution
		SolutionGuid = {39AB04EF-C01F-4184-BEA2-ABE1745E6B04}
	EndGlobalSection
EndGlobal
