
Microsoft Visual Studio Solution File, Format Version 12.00
# Visual Studio 15
VisualStudioVersion = 15.0.26730.16
MinimumVisualStudioVersion = 10.0.40219.1
Project("{FAE04EC0-301F-11D3-BF4B-00C04F79EFBC}") = "Thailand", "Thailand\Thailand.csproj", "{B6DA65C8-50F2-4903-BAC5-C586F5413530}"
EndProject
Global
	GlobalSection(SolutionConfigurationPlatforms) = preSolution
		Debug|Any CPU = Debug|Any CPU
		Release|Any CPU = Release|Any CPU
	EndGlobalSection
	GlobalSection(ProjectConfigurationPlatforms) = postSolution
		{B6DA65C8-50F2-4903-BAC5-C586F5413530}.Debug|Any CPU.ActiveCfg = Debug|Any CPU
		{B6DA65C8-50F2-4903-BAC5-C586F5413530}.Debug|Any CPU.Build.0 = Debug|Any CPU
		{B6DA65C8-50F2-4903-BAC5-C586F5413530}.Release|Any CPU.ActiveCfg = Release|Any CPU
		{B6DA65C8-50F2-4903-BAC5-C586F5413530}.Release|Any CPU.Build.0 = Release|Any CPU
	EndGlobalSection
	GlobalSection(SolutionProperties) = preSolution
		HideSolutionNode = FALSE
	EndGlobalSection
	GlobalSection(ExtensibilityGlobals) = postSolution
		SolutionGuid = {222DC5C1-D385-4121-8550-E0ABFF3E5895}
	EndGlobalSection
EndGlobal
